
Microsoft Visual Studio Solution File, Format Version 12.00
# Visual Studio Version 17
VisualStudioVersion = 17.0.31903.59
MinimumVisualStudioVersion = 10.0.40219.1
Project("{FAE04EC0-301F-11D3-BF4B-00C04F79EFBC}") = "PhotoAIFactory.Domain", "PhotoAIFactory.Domain\PhotoAIFactory.Domain.csproj", "{4E15EC59-6E4C-4D82-A349-A1DD119BCF01}"
EndProject
Project("{FAE04EC0-301F-11D3-BF4B-00C04F79EFBC}") = "PhotoAIFactory.Contracts", "PhotoAIFactory.Contracts\PhotoAIFactory.Contracts.csproj", "{CFF1C5AE-3F00-48C7-8FD5-0A3179FA17B2}"
EndProject
Project("{FAE04EC0-301F-11D3-BF4B-00C04F79EFBC}") = "PhotoAIFactory.Application", "PhotoAIFactory.Application\PhotoAIFactory.Application.csproj", "{86260531-A9EC-476E-B3E1-E4493060E9D8}"
EndProject
Project("{FAE04EC0-301F-11D3-BF4B-00C04F79EFBC}") = "PhotoAIFactory.Infrastructure", "PhotoAIFactory.Infrastructure\PhotoAIFactory.Infrastructure.csproj", "{74E30A77-F5ED-4094-8701-B1E4F79D9E70}"
EndProject
Project("{FAE04EC0-301F-11D3-BF4B-00C04F79EFBC}") = "PhotoAIFactory.PocHost", "PhotoAIFactory.PocHost\PhotoAIFactory.PocHost.csproj", "{402288AF-9B0A-4246-9826-7F181A0C1B51}"
EndProject
Project("{FAE04EC0-301F-11D3-BF4B-00C04F79EFBC}") = "PhotoAIFactory.SelfTests", "PhotoAIFactory.SelfTests\PhotoAIFactory.SelfTests.csproj", "{BE22B8C1-3B35-412B-ACD8-5FAB33E27685}"
EndProject
Project("{FAE04EC0-301F-11D3-BF4B-00C04F79EFBC}") = "PhotoAIFactory.Foundation.Tests", "..\..\tests\csharp\PhotoAIFactory.Foundation.Tests\PhotoAIFactory.Foundation.Tests.csproj", "{58E2F51A-35DA-438D-9A88-7B4433750C35}"
EndProject
Project("{FAE04EC0-301F-11D3-BF4B-00C04F79EFBC}") = "PhotoAIFactory.Simulation.Tests", "..\..\tests\csharp\PhotoAIFactory.Simulation.Tests\PhotoAIFactory.Simulation.Tests.csproj", "{E6B83B7C-0F4A-4D1E-9A17-1D10F7D98D42}"
EndProject
Project("{FAE04EC0-301F-11D3-BF4B-00C04F79EFBC}") = "PhotoAIFactory.App", "PhotoAIFactory.App\PhotoAIFactory.App.csproj", "{1FE895EA-1C4D-420F-B1E9-F99361F4D76B}"
EndProject
Project("{FAE04EC0-301F-11D3-BF4B-00C04F79EFBC}") = "PhotoAIFactory.Installer", "PhotoAIFactory.Installer\PhotoAIFactory.Installer.csproj", "{519985A7-0A11-4D40-9927-A4EB75FB12D3}"
EndProject
Global
	GlobalSection(SolutionConfigurationPlatforms) = preSolution
		Debug|Any CPU = Debug|Any CPU
		Debug|x64 = Debug|x64
		Debug|x86 = Debug|x86
		Release|Any CPU = Release|Any CPU
		Release|x64 = Release|x64
		Release|x86 = Release|x86
	EndGlobalSection
	GlobalSection(ProjectConfigurationPlatforms) = postSolution
		{4E15EC59-6E4C-4D82-A349-A1DD119BCF01}.Debug|Any CPU.ActiveCfg = Debug|Any CPU
		{4E15EC59-6E4C-4D82-A349-A1DD119BCF01}.Debug|Any CPU.Build.0 = Debug|Any CPU
		{4E15EC59-6E4C-4D82-A349-A1DD119BCF01}.Debug|x64.ActiveCfg = Debug|Any CPU
		{4E15EC59-6E4C-4D82-A349-A1DD119BCF01}.Debug|x64.Build.0 = Debug|Any CPU
		{4E15EC59-6E4C-4D82-A349-A1DD119BCF01}.Debug|x86.ActiveCfg = Debug|Any CPU
		{4E15EC59-6E4C-4D82-A349-A1DD119BCF01}.Debug|x86.Build.0 = Debug|Any CPU
		{4E15EC59-6E4C-4D82-A349-A1DD119BCF01}.Release|Any CPU.ActiveCfg = Release|Any CPU
		{4E15EC59-6E4C-4D82-A349-A1DD119BCF01}.Release|Any CPU.Build.0 = Release|Any CPU
		{4E15EC59-6E4C-4D82-A349-A1DD119BCF01}.Release|x64.ActiveCfg = Release|Any CPU
		{4E15EC59-6E4C-4D82-A349-A1DD119BCF01}.Release|x64.Build.0 = Release|Any CPU
		{4E15EC59-6E4C-4D82-A349-A1DD119BCF01}.Release|x86.ActiveCfg = Release|Any CPU
		{4E15EC59-6E4C-4D82-A349-A1DD119BCF01}.Release|x86.Build.0 = Release|Any CPU
		{CFF1C5AE-3F00-48C7-8FD5-0A3179FA17B2}.Debug|Any CPU.ActiveCfg = Debug|Any CPU
		{CFF1C5AE-3F00-48C7-8FD5-0A3179FA17B2}.Debug|Any CPU.Build.0 = Debug|Any CPU
		{CFF1C5AE-3F00-48C7-8FD5-0A3179FA17B2}.Debug|x64.ActiveCfg = Debug|Any CPU
		{CFF1C5AE-3F00-48C7-8FD5-0A3179FA17B2}.Debug|x64.Build.0 = Debug|Any CPU
		{CFF1C5AE-3F00-48C7-8FD5-0A3179FA17B2}.Debug|x86.ActiveCfg = Debug|Any CPU
		{CFF1C5AE-3F00-48C7-8FD5-0A3179FA17B2}.Debug|x86.Build.0 = Debug|Any CPU
		{CFF1C5AE-3F00-48C7-8FD5-0A3179FA17B2}.Release|Any CPU.ActiveCfg = Release|Any CPU
		{CFF1C5AE-3F00-48C7-8FD5-0A3179FA17B2}.Release|Any CPU.Build.0 = Release|Any CPU
		{CFF1C5AE-3F00-48C7-8FD5-0A3179FA17B2}.Release|x64.ActiveCfg = Release|Any CPU
		{CFF1C5AE-3F00-48C7-8FD5-0A3179FA17B2}.Release|x64.Build.0 = Release|Any CPU
		{CFF1C5AE-3F00-48C7-8FD5-0A3179FA17B2}.Release|x86.ActiveCfg = Release|Any CPU
		{CFF1C5AE-3F00-48C7-8FD5-0A3179FA17B2}.Release|x86.Build.0 = Release|Any CPU
		{86260531-A9EC-476E-B3E1-E4493060E9D8}.Debug|Any CPU.ActiveCfg = Debug|Any CPU
		{86260531-A9EC-476E-B3E1-E4493060E9D8}.Debug|Any CPU.Build.0 = Debug|Any CPU
		{86260531-A9EC-476E-B3E1-E4493060E9D8}.Debug|x64.ActiveCfg = Debug|Any CPU
		{86260531-A9EC-476E-B3E1-E4493060E9D8}.Debug|x64.Build.0 = Debug|Any CPU
		{86260531-A9EC-476E-B3E1-E4493060E9D8}.Debug|x86.ActiveCfg = Debug|Any CPU
		{86260531-A9EC-476E-B3E1-E4493060E9D8}.Debug|x86.Build.0 = Debug|Any CPU
		{86260531-A9EC-476E-B3E1-E4493060E9D8}.Release|Any CPU.ActiveCfg = Release|Any CPU
		{86260531-A9EC-476E-B3E1-E4493060E9D8}.Release|Any CPU.Build.0 = Release|Any CPU
		{86260531-A9EC-476E-B3E1-E4493060E9D8}.Release|x64.ActiveCfg = Release|Any CPU
		{86260531-A9EC-476E-B3E1-E4493060E9D8}.Release|x64.Build.0 = Release|Any CPU
		{86260531-A9EC-476E-B3E1-E4493060E9D8}.Release|x86.ActiveCfg = Release|Any CPU
		{86260531-A9EC-476E-B3E1-E4493060E9D8}.Release|x86.Build.0 = Release|Any CPU
		{74E30A77-F5ED-4094-8701-B1E4F79D9E70}.Debug|Any CPU.ActiveCfg = Debug|Any CPU
		{74E30A77-F5ED-4094-8701-B1E4F79D9E70}.Debug|Any CPU.Build.0 = Debug|Any CPU
		{74E30A77-F5ED-4094-8701-B1E4F79D9E70}.Debug|x64.ActiveCfg = Debug|Any CPU
		{74E30A77-F5ED-4094-8701-B1E4F79D9E70}.Debug|x64.Build.0 = Debug|Any CPU
		{74E30A77-F5ED-4094-8701-B1E4F79D9E70}.Debug|x86.ActiveCfg = Debug|Any CPU
		{74E30A77-F5ED-4094-8701-B1E4F79D9E70}.Debug|x86.Build.0 = Debug|Any CPU
		{74E30A77-F5ED-4094-8701-B1E4F79D9E70}.Release|Any CPU.ActiveCfg = Release|Any CPU
		{74E30A77-F5ED-4094-8701-B1E4F79D9E70}.Release|Any CPU.Build.0 = Release|Any CPU
		{74E30A77-F5ED-4094-8701-B1E4F79D9E70}.Release|x64.ActiveCfg = Release|Any CPU
		{74E30A77-F5ED-4094-8701-B1E4F79D9E70}.Release|x64.Build.0 = Release|Any CPU
		{74E30A77-F5ED-4094-8701-B1E4F79D9E70}.Release|x86.ActiveCfg = Release|Any CPU
		{74E30A77-F5ED-4094-8701-B1E4F79D9E70}.Release|x86.Build.0 = Release|Any CPU
		{402288AF-9B0A-4246-9826-7F181A0C1B51}.Debug|Any CPU.ActiveCfg = Debug|Any CPU
		{402288AF-9B0A-4246-9826-7F181A0C1B51}.Debug|Any CPU.Build.0 = Debug|Any CPU
		{402288AF-9B0A-4246-9826-7F181A0C1B51}.Debug|x64.ActiveCfg = Debug|Any CPU
		{402288AF-9B0A-4246-9826-7F181A0C1B51}.Debug|x64.Build.0 = Debug|Any CPU
		{402288AF-9B0A-4246-9826-7F181A0C1B51}.Debug|x86.ActiveCfg = Debug|Any CPU
		{402288AF-9B0A-4246-9826-7F181A0C1B51}.Debug|x86.Build.0 = Debug|Any CPU
		{402288AF-9B0A-4246-9826-7F181A0C1B51}.Release|Any CPU.ActiveCfg = Release|Any CPU
		{402288AF-9B0A-4246-9826-7F181A0C1B51}.Release|Any CPU.Build.0 = Release|Any CPU
		{402288AF-9B0A-4246-9826-7F181A0C1B51}.Release|x64.ActiveCfg = Release|Any CPU
		{402288AF-9B0A-4246-9826-7F181A0C1B51}.Release|x64.Build.0 = Release|Any CPU
		{402288AF-9B0A-4246-9826-7F181A0C1B51}.Release|x86.ActiveCfg = Release|Any CPU
		{402288AF-9B0A-4246-9826-7F181A0C1B51}.Release|x86.Build.0 = Release|Any CPU
		{BE22B8C1-3B35-412B-ACD8-5FAB33E27685}.Debug|Any CPU.ActiveCfg = Debug|Any CPU
		{BE22B8C1-3B35-412B-ACD8-5FAB33E27685}.Debug|Any CPU.Build.0 = Debug|Any CPU
		{BE22B8C1-3B35-412B-ACD8-5FAB33E27685}.Debug|x64.ActiveCfg = Debug|Any CPU
		{BE22B8C1-3B35-412B-ACD8-5FAB33E27685}.Debug|x64.Build.0 = Debug|Any CPU
		{BE22B8C1-3B35-412B-ACD8-5FAB33E27685}.Debug|x86.ActiveCfg = Debug|Any CPU
		{BE22B8C1-3B35-412B-ACD8-5FAB33E27685}.Debug|x86.Build.0 = Debug|Any CPU
		{BE22B8C1-3B35-412B-ACD8-5FAB33E27685}.Release|Any CPU.ActiveCfg = Release|Any CPU
		{BE22B8C1-3B35-412B-ACD8-5FAB33E27685}.Release|Any CPU.Build.0 = Release|Any CPU
		{BE22B8C1-3B35-412B-ACD8-5FAB33E27685}.Release|x64.ActiveCfg = Release|Any CPU
		{BE22B8C1-3B35-412B-ACD8-5FAB33E27685}.Release|x64.Build.0 = Release|Any CPU
		{BE22B8C1-3B35-412B-ACD8-5FAB33E27685}.Release|x86.ActiveCfg = Release|Any CPU
		{BE22B8C1-3B35-412B-ACD8-5FAB33E27685}.Release|x86.Build.0 = Release|Any CPU
		{58E2F51A-35DA-438D-9A88-7B4433750C35}.Debug|Any CPU.ActiveCfg = Debug|Any CPU
		{58E2F51A-35DA-438D-9A88-7B4433750C35}.Debug|Any CPU.Build.0 = Debug|Any CPU
		{58E2F51A-35DA-438D-9A88-7B4433750C35}.Debug|x64.ActiveCfg = Debug|Any CPU
		{58E2F51A-35DA-438D-9A88-7B4433750C35}.Debug|x64.Build.0 = Debug|Any CPU
		{58E2F51A-35DA-438D-9A88-7B4433750C35}.Debug|x86.ActiveCfg = Debug|Any CPU
		{58E2F51A-35DA-438D-9A88-7B4433750C35}.Debug|x86.Build.0 = Debug|Any CPU
		{58E2F51A-35DA-438D-9A88-7B4433750C35}.Release|Any CPU.ActiveCfg = Release|Any CPU
		{58E2F51A-35DA-438D-9A88-7B4433750C35}.Release|Any CPU.Build.0 = Release|Any CPU
		{58E2F51A-35DA-438D-9A88-7B4433750C35}.Release|x64.ActiveCfg = Release|Any CPU
		{58E2F51A-35DA-438D-9A88-7B4433750C35}.Release|x64.Build.0 = Release|Any CPU
		{58E2F51A-35DA-438D-9A88-7B4433750C35}.Release|x86.ActiveCfg = Release|Any CPU
		{58E2F51A-35DA-438D-9A88-7B4433750C35}.Release|x86.Build.0 = Release|Any CPU
		{E6B83B7C-0F4A-4D1E-9A17-1D10F7D98D42}.Debug|Any CPU.ActiveCfg = Debug|Any CPU
		{E6B83B7C-0F4A-4D1E-9A17-1D10F7D98D42}.Debug|Any CPU.Build.0 = Debug|Any CPU
		{E6B83B7C-0F4A-4D1E-9A17-1D10F7D98D42}.Debug|x64.ActiveCfg = Debug|Any CPU
		{E6B83B7C-0F4A-4D1E-9A17-1D10F7D98D42}.Debug|x64.Build.0 = Debug|Any CPU
		{E6B83B7C-0F4A-4D1E-9A17-1D10F7D98D42}.Debug|x86.ActiveCfg = Debug|Any CPU
		{E6B83B7C-0F4A-4D1E-9A17-1D10F7D98D42}.Debug|x86.Build.0 = Debug|Any CPU
		{E6B83B7C-0F4A-4D1E-9A17-1D10F7D98D42}.Release|Any CPU.ActiveCfg = Release|Any CPU
		{E6B83B7C-0F4A-4D1E-9A17-1D10F7D98D42}.Release|Any CPU.Build.0 = Release|Any CPU
		{E6B83B7C-0F4A-4D1E-9A17-1D10F7D98D42}.Release|x64.ActiveCfg = Release|Any CPU
		{E6B83B7C-0F4A-4D1E-9A17-1D10F7D98D42}.Release|x64.Build.0 = Release|Any CPU
		{E6B83B7C-0F4A-4D1E-9A17-1D10F7D98D42}.Release|x86.ActiveCfg = Release|Any CPU
		{E6B83B7C-0F4A-4D1E-9A17-1D10F7D98D42}.Release|x86.Build.0 = Release|Any CPU
		{1FE895EA-1C4D-420F-B1E9-F99361F4D76B}.Debug|Any CPU.ActiveCfg = Debug|Any CPU
		{1FE895EA-1C4D-420F-B1E9-F99361F4D76B}.Debug|Any CPU.Build.0 = Debug|Any CPU
		{1FE895EA-1C4D-420F-B1E9-F99361F4D76B}.Debug|x64.ActiveCfg = Debug|x64
		{1FE895EA-1C4D-420F-B1E9-F99361F4D76B}.Debug|x64.Build.0 = Debug|x64
		{1FE895EA-1C4D-420F-B1E9-F99361F4D76B}.Debug|x86.ActiveCfg = Debug|x64
		{1FE895EA-1C4D-420F-B1E9-F99361F4D76B}.Debug|x86.Build.0 = Debug|x64
		{1FE895EA-1C4D-420F-B1E9-F99361F4D76B}.Release|Any CPU.ActiveCfg = Release|Any CPU
		{1FE895EA-1C4D-420F-B1E9-F99361F4D76B}.Release|Any CPU.Build.0 = Release|Any CPU
		{1FE895EA-1C4D-420F-B1E9-F99361F4D76B}.Release|x64.ActiveCfg = Release|x64
		{1FE895EA-1C4D-420F-B1E9-F99361F4D76B}.Release|x64.Build.0 = Release|x64
		{1FE895EA-1C4D-420F-B1E9-F99361F4D76B}.Release|x86.ActiveCfg = Release|x64
		{1FE895EA-1C4D-420F-B1E9-F99361F4D76B}.Release|x86.Build.0 = Release|x64
		{519985A7-0A11-4D40-9927-A4EB75FB12D3}.Debug|Any CPU.ActiveCfg = Debug|x64
		{519985A7-0A11-4D40-9927-A4EB75FB12D3}.Debug|Any CPU.Build.0 = Debug|x64
		{519985A7-0A11-4D40-9927-A4EB75FB12D3}.Debug|x64.ActiveCfg = Debug|x64
		{519985A7-0A11-4D40-9927-A4EB75FB12D3}.Debug|x64.Build.0 = Debug|x64
		{519985A7-0A11-4D40-9927-A4EB75FB12D3}.Debug|x86.ActiveCfg = Debug|x64
		{519985A7-0A11-4D40-9927-A4EB75FB12D3}.Debug|x86.Build.0 = Debug|x64
		{519985A7-0A11-4D40-9927-A4EB75FB12D3}.Release|Any CPU.ActiveCfg = Release|x64
		{519985A7-0A11-4D40-9927-A4EB75FB12D3}.Release|Any CPU.Build.0 = Release|x64
		{519985A7-0A11-4D40-9927-A4EB75FB12D3}.Release|x64.ActiveCfg = Release|x64
		{519985A7-0A11-4D40-9927-A4EB75FB12D3}.Release|x64.Build.0 = Release|x64
		{519985A7-0A11-4D40-9927-A4EB75FB12D3}.Release|x86.ActiveCfg = Release|x64
		{519985A7-0A11-4D40-9927-A4EB75FB12D3}.Release|x86.Build.0 = Release|x64
	EndGlobalSection
	GlobalSection(SolutionProperties) = preSolution
		HideSolutionNode = FALSE
	EndGlobalSection
EndGlobal
